Microsoft Visual Studio Solution File, Format Version 12.00
# Visual Studio Version 17
VisualStudioVersion = 17.5.2.0
MinimumVisualStudioVersion = 10.0.40219.1
Project("{FAE04EC0-301F-11D3-BF4B-00C04F79EFBC}") = "Zadanie7", "Zadanie7.csproj", "{67D026D0-F503-70F2-5D03-3A66A79BE476}"
EndProject
Global
	GlobalSection(SolutionConfigurationPlatforms) = preSolution
		Debug|Any CPU = Debug|Any CPU
		Release|Any CPU = Release|Any CPU
	EndGlobalSection
	GlobalSection(ProjectConfigurationPlatforms) = postSolution
		{67D026D0-F503-70F2-5D03-3A66A79BE476}.Debug|Any CPU.ActiveCfg = Debug|Any CPU
		{67D026D0-F503-70F2-5D03-3A66A79BE476}.Debug|Any CPU.Build.0 = Debug|Any CPU
		{67D026D0-F503-70F2-5D03-3A66A79BE476}.Release|Any CPU.ActiveCfg = Release|Any CPU
		{67D026D0-F503-70F2-5D03-3A66A79BE476}.Release|Any CPU.Build.0 = Release|Any CPU
	EndGlobalSection
	GlobalSection(SolutionProperties) = preSolution
		HideSolutionNode = FALSE
	EndGlobalSection
	GlobalSection(ExtensibilityGlobals) = postSolution
		SolutionGuid = {AF3083B7-B5BF-4B63-9507-DAA497F914BC}
	EndGlobalSection
EndGlobal
