Microsoft Visual Studio Solution File, Format Version 12.00
# Visual Studio Version 17
VisualStudioVersion = 17.5.2.0
MinimumVisualStudioVersion = 10.0.40219.1
Project("{FAE04EC0-301F-11D3-BF4B-00C04F79EFBC}") = "Zadanie6", "Zadanie6.csproj", "{EBBCF42F-55EC-AB9D-7988-1985C58780B9}"
EndProject
Global
	GlobalSection(SolutionConfigurationPlatforms) = preSolution
		Debug|Any CPU = Debug|Any CPU
		Release|Any CPU = Release|Any CPU
	EndGlobalSection
	GlobalSection(ProjectConfigurationPlatforms) = postSolution
		{EBBCF42F-55EC-AB9D-7988-1985C58780B9}.Debug|Any CPU.ActiveCfg = Debug|Any CPU
		{EBBCF42F-55EC-AB9D-7988-1985C58780B9}.Debug|Any CPU.Build.0 = Debug|Any CPU
		{EBBCF42F-55EC-AB9D-7988-1985C58780B9}.Release|Any CPU.ActiveCfg = Release|Any CPU
		{EBBCF42F-55EC-AB9D-7988-1985C58780B9}.Release|Any CPU.Build.0 = Release|Any CPU
	EndGlobalSection
	GlobalSection(SolutionProperties) = preSolution
		HideSolutionNode = FALSE
	EndGlobalSection
	GlobalSection(ExtensibilityGlobals) = postSolution
		SolutionGuid = {E54B751E-4AFF-4332-A38A-FAAAB80DD6AD}
	EndGlobalSection
EndGlobal
